lockfileVersion: '9.0'

settings:
  autoInstallPeers: true
  excludeLinksFromLockfile: false

importers:

  .:
    devDependencies:
      jiti:
        specifier: ^2.3.3
        version: 2.3.3

packages:

  jiti@2.3.3:
    resolution: {integrity: sha512-EX4oNDwcXSivPrw2qKH2LB5PoFxEvgtv2JgwW0bU858HoLQ+kutSvjLMUqBd0PeJYEinLWhoI9Ol0eYMqj/wNQ==}
    hasBin: true

snapshots:

  jiti@2.3.3: {}
